// !$*UTF8*$!
{
	archiveVersion = 1;
	classes = {
	};
	objectVersion = 46;
	objects = {

/* Begin PBXBuildFile section */
		7E77C0651B11170C00439510 /* AppDelegate.swift in Sources */ = {isa = PBXBuildFile; fileRef = 7E77C0641B11170C00439510 /* AppDelegate.swift */; };
		7E77C0671B11170C00439510 /* ViewController.swift in Sources */ = {isa = PBXBuildFile; fileRef = 7E77C0661B11170C00439510 /* ViewController.swift */; };
		7E77C06A1B11170C00439510 /* Main.storyboard in Resources */ = {isa = PBXBuildFile; fileRef = 7E77C0681B11170C00439510 /* Main.storyboard */; };
		7E77C06C1B11170C00439510 /* Images.xcassets in Resources */ = {isa = PBXBuildFile; fileRef = 7E77C06B1B11170C00439510 /* Images.xcassets */; };
		7E77C06F1B11170C00439510 /* LaunchScreen.xib in Resources */ = {isa = PBXBuildFile; fileRef = 7E77C06D1B11170C00439510 /* LaunchScreen.xib */; };
		7E77C07B1B11170C00439510 /* iosFundementtalsTests.swift in Sources */ = {isa = PBXBuildFile; fileRef = 7E77C07A1B11170C00439510 /* iosFundementtalsTests.swift */; };
/* End PBXBuildFile section */

/* Begin PBXContainerItemProxy section */
		7E77C0751B11170C00439510 /* PBXContainerItemProxy */ = {
			isa = PBXContainerItemProxy;
			containerPortal = 7E77C0571B11170C00439510 /* Project object */;
			proxyType = 1;
			remoteGlobalIDString = 7E77C05E1B11170C00439510;
			remoteInfo = iosFundementtals;
		};
/* End PBXContainerItemProxy section */

/* Begin PBXFileReference section */
		7E77C05F1B11170C00439510 /* iosFundementtals.app */ = {isa = PBXFileReference; explicitFileType = wrapper.application; includeInIndex = 0; path = iosFundementtals.app; sourceTree = BUILT_PRODUCTS_DIR; };
		7E77C0631B11170C00439510 /* Info.plist */ = {isa = PBXFileReference; lastKnownFileType = text.plist.xml; path = Info.plist; sourceTree = "<group>"; };
		7E77C0641B11170C00439510 /* AppDelegate.swift */ = {isa = PBXFileReference; lastKnownFileType = sourcecode.swift; path = AppDelegate.swift; sourceTree = "<group>"; };
		7E77C0661B11170C00439510 /* ViewController.swift */ = {isa = PBXFileReference; lastKnownFileType = sourcecode.swift; path = ViewController.swift; sourceTree = "<group>"; };
		7E77C0691B11170C00439510 /* Base */ = {isa = PBXFileReference; lastKnownFileType = file.storyboard; name = Base; path = Base.lproj/Main.storyboard; sourceTree = "<group>"; };
		7E77C06B1B11170C00439510 /* Images.xcassets */ = {isa = PBXFileReference; lastKnownFileType = folder.assetcatalog; path = Images.xcassets; sourceTree = "<group>"; };
		7E77C06E1B11170C00439510 /* Base */ = {isa = PBXFileReference; lastKnownFileType = file.xib; name = Base; path = Base.lproj/LaunchScreen.xib; sourceTree = "<group>"; };
		7E77C0741B11170C00439510 /* iosFundementtalsTests.xctest */ = {isa = PBXFileReference; explicitFileType = wrapper.cfbundle; includeInIndex = 0; path = iosFundementtalsTests.xctest; sourceTree = BUILT_PRODUCTS_DIR; };
		7E77C0791B11170C00439510 /* Info.plist */ = {isa = PBXFileReference; lastKnownFileType = text.plist.xml; path = Info.plist; sourceTree = "<group>"; };
		7E77C07A1B11170C00439510 /* iosFundementtalsTests.swift */ = {isa = PBXFileReference; lastKnownFileType = sourcecode.swift; path = iosFundementtalsTests.swift; sourceTree = "<group>"; };
/* End PBXFileReference section */

/* Begin PBXFrameworksBuildPhase section */
		7E77C05C1B11170C00439510 /* Frameworks */ = {
			isa = PBXFrameworksBuildPhase;
			buildActionMask = 2147483647;
			files = (
			);
			runOnlyForDeploymentPostprocessing = 0;
		};
		7E77C0711B11170C00439510 /* Frameworks */ = {
			isa = PBXFrameworksBuildPhase;
			buildActionMask = 2147483647;
			files = (
			);
			runOnlyForDeploymentPostprocessing = 0;
		};
/* End PBXFrameworksBuildPhase section */

/* Begin PBXGroup section */
		7E77C0561B11170C00439510 = {
			isa = PBXGroup;
			children = (
				7E77C0611B11170C00439510 /* iosFundementtals */,
				7E77C0771B11170C00439510 /* iosFundementtalsTests */,
				7E77C0601B11170C00439510 /* Products */,
			);
			sourceTree = "<group>";
		};
		7E77C0601B11170C00439510 /* Products */ = {
			isa = PBXGroup;
			children = (
				7E77C05F1B11170C00439510 /* iosFundementtals.app */,
				7E77C0741B11170C00439510 /* iosFundementtalsTests.xctest */,
			);
			name = Products;
			sourceTree = "<group>";
		};
		7E77C0611B11170C00439510 /* iosFundementtals */ = {
			isa = PBXGroup;
			children = (
				7E77C0641B11170C00439510 /* AppDelegate.swift */,
				7E77C0661B11170C00439510 /* ViewController.swift */,
				7E77C0681B11170C00439510 /* Main.storyboard */,
				7E77C06B1B11170C00439510 /* Images.xcassets */,
				7E77C06D1B11170C00439510 /* LaunchScreen.xib */,
				7E77C0621B11170C00439510 /* Supporting Files */,
			);
			path = iosFundementtals;
			sourceTree = "<group>";
		};
		7E77C0621B11170C00439510 /* Supporting Files */ = {
			isa = PBXGroup;
			children = (
				7E77C0631B11170C00439510 /* Info.plist */,
			);
			name = "Supporting Files";
			sourceTree = "<group>";
		};
		7E77C0771B11170C00439510 /* iosFundementtalsTests */ = {
			isa = PBXGroup;
			children = (
				7E77C07A1B11170C00439510 /* iosFundementtalsTests.swift */,
				7E77C0781B11170C00439510 /* Supporting Files */,
			);
			path = iosFundementtalsTests;
			sourceTree = "<group>";
		};
		7E77C0781B11170C00439510 /* Supporting Files */ = {
			isa = PBXGroup;
			children = (
				7E77C0791B11170C00439510 /* Info.plist */,
			);
			name = "Supporting Files";
			sourceTree = "<group>";
		};
/* End PBXGroup section */

/* Begin PBXNativeTarget section */
		7E77C05E1B11170C00439510 /* iosFundementtals */ = {
			isa = PBXNativeTarget;
			buildConfigurationList = 7E77C07E1B11170C00439510 /* Build configuration list for PBXNativeTarget "iosFundementtals" */;
			buildPhases = (
				7E77C05B1B11170C00439510 /* Sources */,
				7E77C05C1B11170C00439510 /* Frameworks */,
				7E77C05D1B11170C00439510 /* Resources */,
			);
			buildRules = (
			);
			dependencies = (
			);
			name = iosFundementtals;
			productName = iosFundementtals;
			productReference = 7E77C05F1B11170C00439510 /* iosFundementtals.app */;
			productType = "com.apple.product-type.application";
		};
		7E77C0731B11170C00439510 /* iosFundementtalsTests */ = {
			isa = PBXNativeTarget;
			buildConfigurationList = 7E77C0811B11170C00439510 /* Build configuration list for PBXNativeTarget "iosFundementtalsTests" */;
			buildPhases = (
				7E77C0701B11170C00439510 /* Sources */,
				7E77C0711B11170C00439510 /* Frameworks */,
				7E77C0721B11170C00439510 /* Resources */,
			);
			buildRules = (
			);
			dependencies = (
				7E77C0761B11170C00439510 /* PBXTargetDependency */,
			);
			name = iosFundementtalsTests;
			productName = iosFundementtalsTests;
			productReference = 7E77C0741B11170C00439510 /* iosFundementtalsTests.xctest */;
			productType = "com.apple.product-type.bundle.unit-test";
		};
/* End PBXNativeTarget section */

/* Begin PBXProject section */
		7E77C0571B11170C00439510 /* Project object */ = {
			isa = PBXProject;
			attributes = {
				LastUpgradeCheck = 0630;
				ORGANIZATIONNAME = "Bas Jansen";
				TargetAttributes = {
					7E77C05E1B11170C00439510 = {
						CreatedOnToolsVersion = 6.3.2;
					};
					7E77C0731B11170C00439510 = {
						CreatedOnToolsVersion = 6.3.2;
						TestTargetID = 7E77C05E1B11170C00439510;
					};
				};
			};
			buildConfigurationList = 7E77C05A1B11170C00439510 /* Build configuration list for PBXProject "iosFundementtals" */;
			compatibilityVersion = "Xcode 3.2";
			developmentRegion = English;
			hasScannedForEncodings = 0;
			knownRegions = (
				en,
				Base,
			);
			mainGroup = 7E77C0561B11170C00439510;
			productRefGroup = 7E77C0601B11170C00439510 /* Products */;
			projectDirPath = "";
			projectRoot = "";
			targets = (
				7E77C05E1B11170C00439510 /* iosFundementtals */,
				7E77C0731B11170C00439510 /* iosFundementtalsTests */,
			);
		};
/* End PBXProject section */

/* Begin PBXResourcesBuildPhase section */
		7E77C05D1B11170C00439510 /* Resources */ = {
			isa = PBXResourcesBuildPhase;
			buildActionMask = 2147483647;
			files = (
				7E77C06A1B11170C00439510 /* Main.storyboard in Resources */,
				7E77C06F1B11170C00439510 /* LaunchScreen.xib in Resources */,
				7E77C06C1B11170C00439510 /* Images.xcassets in Resources */,
			);
			runOnlyForDeploymentPostprocessing = 0;
		};
		7E77C0721B11170C00439510 /* Resources */ = {
			isa = PBXResourcesBuildPhase;
			buildActionMask = 2147483647;
			files = (
			);
			runOnlyForDeploymentPostprocessing = 0;
		};
/* End PBXResourcesBuildPhase section */

/* Begin PBXSourcesBuildPhase section */
		7E77C05B1B11170C00439510 /* Sources */ = {
			isa = PBXSourcesBuildPhase;
			buildActionMask = 2147483647;
			files = (
				7E77C0671B11170C00439510 /* ViewController.swift in Sources */,
				7E77C0651B11170C00439510 /* AppDelegate.swift in Sources */,
			);
			runOnlyForDeploymentPostprocessing = 0;
		};
		7E77C0701B11170C00439510 /* Sources */ = {
			isa = PBXSourcesBuildPhase;
			buildActionMask = 2147483647;
			files = (
				7E77C07B1B11170C00439510 /* iosFundementtalsTests.swift in Sources */,
			);
			runOnlyForDeploymentPostprocessing = 0;
		};
/* End PBXSourcesBuildPhase section */

/* Begin PBXTargetDependency section */
		7E77C0761B11170C00439510 /* PBXTargetDependency */ = {
			isa = PBXTargetDependency;
			target = 7E77C05E1B11170C00439510 /* iosFundementtals */;
			targetProxy = 7E77C0751B11170C00439510 /* PBXContainerItemProxy */;
		};
/* End PBXTargetDependency section */

/* Begin PBXVariantGroup section */
		7E77C0681B11170C00439510 /* Main.storyboard */ = {
			isa = PBXVariantGroup;
			children = (
				7E77C0691B11170C00439510 /* Base */,
			);
			name = Main.storyboard;
			sourceTree = "<group>";
		};
		7E77C06D1B11170C00439510 /* LaunchScreen.xib */ = {
			isa = PBXVariantGroup;
			children = (
				7E77C06E1B11170C00439510 /* Base */,
			);
			name = LaunchScreen.xib;
			sourceTree = "<group>";
		};
/* End PBXVariantGroup section */

/* Begin XCBuildConfiguration section */
		7E77C07C1B11170C00439510 /* Debug */ = {
			isa = XCBuildConfiguration;
			buildSettings = {
				ALWAYS_SEARCH_USER_PATHS = NO;
				CLANG_CXX_LANGUAGE_STANDARD = "gnu++0x";
				CLANG_CXX_LIBRARY = "libc++";
				CLANG_ENABLE_MODULES = YES;
				CLANG_ENABLE_OBJC_ARC = YES;
				CLANG_WARN_BOOL_CONVERSION = YES;
				CLANG_WARN_CONSTANT_CONVERSION = YES;
				CLANG_WARN_DIRECT_OBJC_ISA_USAGE = YES_ERROR;
				CLANG_WARN_EMPTY_BODY = YES;
				CLANG_WARN_ENUM_CONVERSION = YES;
				CLANG_WARN_INT_CONVERSION = YES;
				CLANG_WARN_OBJC_ROOT_CLASS = YES_ERROR;
				CLANG_WARN_UNREACHABLE_CODE = YES;
				CLANG_WARN__DUPLICATE_METHOD_MATCH = YES;
				"CODE_SIGN_IDENTITY[sdk=iphoneos*]" = "iPhone Developer";
				COPY_PHASE_STRIP = NO;
				DEBUG_INFORMATION_FORMAT = "dwarf-with-dsym";
				ENABLE_STRICT_OBJC_MSGSEND = YES;
				GCC_C_LANGUAGE_STANDARD = gnu99;
				GCC_DYNAMIC_NO_PIC = NO;
				GCC_NO_COMMON_BLOCKS = YES;
				GCC_OPTIMIZATION_LEVEL = 0;
				GCC_PREPROCESSOR_DEFINITIONS = (
					"DEBUG=1",
					"$(inherited)",
				);
				GCC_SYMBOLS_PRIVATE_EXTERN = NO;
				GCC_WARN_64_TO_32_BIT_CONVERSION = YES;
				GCC_WARN_ABOUT_RETURN_TYPE = YES_ERROR;
				GCC_WARN_UNDECLARED_SELECTOR = YES;
				GCC_WARN_UNINITIALIZED_AUTOS = YES_AGGRESSIVE;
				GCC_WARN_UNUSED_FUNCTION = YES;
				GCC_WARN_UNUSED_VARIABLE = YES;
				IPHONEOS_DEPLOYMENT_TARGET = 8.3;
				MTL_ENABLE_DEBUG_INFO = YES;
				ONLY_ACTIVE_ARCH = YES;
				SDKROOT = iphoneos;
				SWIFT_OPTIMIZATION_LEVEL = "-Onone";
				TARGETED_DEVICE_FAMILY = "1,2";
			};
			name = Debug;
		};
		7E77C07D1B11170C00439510 /* Release */ = {
			isa = XCBuildConfiguration;
			buildSettings = {
				ALWAYS_SEARCH_USER_PATHS = NO;
				CLANG_CXX_LANGUAGE_STANDARD = "gnu++0x";
				CLANG_CXX_LIBRARY = "libc++";
				CLANG_ENABLE_MODULES = YES;
				CLANG_ENABLE_OBJC_ARC = YES;
				CLANG_WARN_BOOL_CONVERSION = YES;
				CLANG_WARN_CONSTANT_CONVERSION = YES;
				CLANG_WARN_DIRECT_OBJC_ISA_USAGE = YES_ERROR;
				CLANG_WARN_EMPTY_BODY = YES;
				CLANG_WARN_ENUM_CONVERSION = YES;
				CLANG_WARN_INT_CONVERSION = YES;
				CLANG_WARN_OBJC_ROOT_CLASS = YES_ERROR;
				CLANG_WARN_UNREACHABLE_CODE = YES;
				CLANG_WARN__DUPLICATE_METHOD_MATCH = YES;
				"CODE_SIGN_IDENTITY[sdk=iphoneos*]" = "iPhone Developer";
				COPY_PHASE_STRIP = NO;
				DEBUG_INFORMATION_FORMAT = "dwarf-with-dsym";
				ENABLE_NS_ASSERTIONS = NO;
				ENABLE_STRICT_OBJC_MSGSEND = YES;
				GCC_C_LANGUAGE_STANDARD = gnu99;
				GCC_NO_COMMON_BLOCKS = YES;
				GCC_WARN_64_TO_32_BIT_CONVERSION = YES;
				GCC_WARN_ABOUT_RETURN_TYPE = YES_ERROR;
				GCC_WARN_UNDECLARED_SELECTOR = YES;
				GCC_WARN_UNINITIALIZED_AUTOS = YES_AGGRESSIVE;
				GCC_WARN_UNUSED_FUNCTION = YES;
				GCC_WARN_UNUSED_VARIABLE = YES;
				IPHONEOS_DEPLOYMENT_TARGET = 8.3;
				MTL_ENABLE_DEBUG_INFO = NO;
				SDKROOT = iphoneos;
				TARGETED_DEVICE_FAMILY = "1,2";
				VALIDATE_PRODUCT = YES;
			};
			name = Release;
		};
		7E77C07F1B11170C00439510 /* Debug */ = {
			isa = XCBuildConfiguration;
			buildSettings = {
				ASSETCATALOG_COMPILER_APPICON_NAME = AppIcon;
				INFOPLIST_FILE = iosFundementtals/Info.plist;
				LD_RUNPATH_SEARCH_PATHS = "$(inherited) @executable_path/Frameworks";
				PRODUCT_NAME = "$(TARGET_NAME)";
			};
			name = Debug;
		};
		7E77C0801B11170C00439510 /* Release */ = {
			isa = XCBuildConfiguration;
			buildSettings = {
				ASSETCATALOG_COMPILER_APPICON_NAME = AppIcon;
				INFOPLIST_FILE = iosFundementtals/Info.plist;
				LD_RUNPATH_SEARCH_PATHS = "$(inherited) @executable_path/Frameworks";
				PRODUCT_NAME = "$(TARGET_NAME)";
			};
			name = Release;
		};
		7E77C0821B11170C00439510 /* Debug */ = {
			isa = XCBuildConfiguration;
			buildSettings = {
				BUNDLE_LOADER = "$(TEST_HOST)";
				FRAMEWORK_SEARCH_PATHS = (
					"$(SDKROOT)/Developer/Library/Frameworks",
					"$(inherited)",
				);
				GCC_PREPROCESSOR_DEFINITIONS = (
					"DEBUG=1",
					"$(inherited)",
				);
				INFOPLIST_FILE = iosFundementtalsTests/Info.plist;
				LD_RUNPATH_SEARCH_PATHS = "$(inherited) @executable_path/Frameworks @loader_path/Frameworks";
				PRODUCT_NAME = "$(TARGET_NAME)";
				TEST_HOST = "$(BUILT_PRODUCTS_DIR)/iosFundementtals.app/iosFundementtals";
			};
			name = Debug;
		};
		7E77C0831B11170C00439510 /* Release */ = {
			isa = XCBuildConfiguration;
			buildSettings = {
				BUNDLE_LOADER = "$(TEST_HOST)";
				FRAMEWORK_SEARCH_PATHS = (
					"$(SDKROOT)/Developer/Library/Frameworks",
					"$(inherited)",
				);
				INFOPLIST_FILE = iosFundementtalsTests/Info.plist;
				LD_RUNPATH_SEARCH_PATHS = "$(inherited) @executable_path/Frameworks @loader_path/Frameworks";
				PRODUCT_NAME = "$(TARGET_NAME)";
				TEST_HOST = "$(BUILT_PRODUCTS_DIR)/iosFundementtals.app/iosFundementtals";
			};
			name = Release;
		};
/* End XCBuildConfiguration section */

/* Begin XCConfigurationList section */
		7E77C05A1B11170C00439510 /* Build configuration list for PBXProject "iosFundementtals" */ = {
			isa = XCConfigurationList;
			buildConfigurations = (
				7E77C07C1B11170C00439510 /* Debug */,
				7E77C07D1B11170C00439510 /* Release */,
			);
			defaultConfigurationIsVisible = 0;
			defaultConfigurationName = Release;
		};
		7E77C07E1B11170C00439510 /* Build configuration list for PBXNativeTarget "iosFundementtals" */ = {
			isa = XCConfigurationList;
			buildConfigurations = (
				7E77C07F1B11170C00439510 /* Debug */,
				7E77C0801B11170C00439510 /* Release */,
			);
			defaultConfigurationIsVisible = 0;
		};
		7E77C0811B11170C00439510 /* Build configuration list for PBXNativeTarget "iosFundementtalsTests" */ = {
			isa = XCConfigurationList;
			buildConfigurations = (
				7E77C0821B11170C00439510 /* Debug */,
				7E77C0831B11170C00439510 /* Release */,
			);
			defaultConfigurationIsVisible = 0;
		};
/* End XCConfigurationList section */
	};
	rootObject = 7E77C0571B11170C00439510 /* Project object */;
}
